
Microsoft Visual Studio Solution File, Format Version 12.00
# Visual Studio Version 16
VisualStudioVersion = 16.0.31613.86
MinimumVisualStudioVersion = 10.0.40219.1
Project("{FAE04EC0-301F-11D3-BF4B-00C04F79EFBC}") = "HomeWork(Threading)", "HomeWork(Threading)\HomeWork(Threading).csproj", "{D09EC338-3AD6-45C9-B2D6-5EBED72A7683}"
EndProject
Global
	GlobalSection(SolutionConfigurationPlatforms) = preSolution
		Debug|Any CPU = Debug|Any CPU
		Release|Any CPU = Release|Any CPU
	EndGlobalSection
	GlobalSection(ProjectConfigurationPlatforms) = postSolution
		{D09EC338-3AD6-45C9-B2D6-5EBED72A7683}.Debug|Any CPU.ActiveCfg = Debug|Any CPU
		{D09EC338-3AD6-45C9-B2D6-5EBED72A7683}.Debug|Any CPU.Build.0 = Debug|Any CPU
		{D09EC338-3AD6-45C9-B2D6-5EBED72A7683}.Release|Any CPU.ActiveCfg = Release|Any CPU
		{D09EC338-3AD6-45C9-B2D6-5EBED72A7683}.Release|Any CPU.Build.0 = Release|Any CPU
	EndGlobalSection
	GlobalSection(SolutionProperties) = preSolution
		HideSolutionNode = FALSE
	EndGlobalSection
	GlobalSection(ExtensibilityGlobals) = postSolution
		SolutionGuid = {D531D190-07E9-43AB-821B-AD01EB4B04DB}
	EndGlobalSection
EndGlobal
